// !$*UTF8*$!
{
	archiveVersion = 1;
	classes = {
	};
	objectVersion = 46;
	objects = {

/* Begin PBXBuildFile section */
		55BC68A515F7B86000D5F3A6 /* main.m in Sources */ = {isa = PBXBuildFile; fileRef = 55BC68A415F7B86000D5F3A6 /* main.m */; };
		55BC68B215F7BD3E00D5F3A6 /* Cocoa.framework in Frameworks */ = {isa = PBXBuildFile; fileRef = 55BC68B115F7BD3E00D5F3A6 /* Cocoa.framework */; };
/* End PBXBuildFile section */

/* Begin PBXCopyFilesBuildPhase section */
		55BC689B15F7B86000D5F3A6 /* CopyFiles */ = {
			isa = PBXCopyFilesBuildPhase;
			buildActionMask = 2147483647;
			dstPath = /usr/share/man/man1/;
			dstSubfolderSpec = 0;
			files = (
			);
			runOnlyForDeploymentPostprocessing = 1;
		};
/* End PBXCopyFilesBuildPhase section */

/* Begin PBXFileReference section */
		55BC689D15F7B86000D5F3A6 /* oldiconutil */ = {isa = PBXFileReference; explicitFileType = "compiled.mach-o.executable"; includeInIndex = 0; path = oldiconutil; sourceTree = BUILT_PRODUCTS_DIR; };
		55BC68A415F7B86000D5F3A6 /* main.m */ = {isa = PBXFileReference; lastKnownFileType = sourcecode.c.objc; path = main.m; sourceTree = "<group>"; };
		55BC68B115F7BD3E00D5F3A6 /* Cocoa.framework */ = {isa = PBXFileReference; lastKnownFileType = wrapper.framework; name = Cocoa.framework; path = ../../../../../../../System/Library/Frameworks/Cocoa.framework; sourceTree = "<group>"; };
/* End PBXFileReference section */

/* Begin PBXFrameworksBuildPhase section */
		55BC689A15F7B86000D5F3A6 /* Frameworks */ = {
			isa = PBXFrameworksBuildPhase;
			buildActionMask = 2147483647;
			files = (
				55BC68B215F7BD3E00D5F3A6 /* Cocoa.framework in Frameworks */,
			);
			runOnlyForDeploymentPostprocessing = 0;
		};
/* End PBXFrameworksBuildPhase section */

/* Begin PBXGroup section */
		55BC689215F7B86000D5F3A6 = {
			isa = PBXGroup;
			children = (
				55BC68A315F7B86000D5F3A6 /* oldiconutil */,
				55BC68A015F7B86000D5F3A6 /* Frameworks */,
				55BC689E15F7B86000D5F3A6 /* Products */,
			);
			sourceTree = "<group>";
		};
		55BC689E15F7B86000D5F3A6 /* Products */ = {
			isa = PBXGroup;
			children = (
				55BC689D15F7B86000D5F3A6 /* oldiconutil */,
			);
			name = Products;
			sourceTree = "<group>";
		};
		55BC68A015F7B86000D5F3A6 /* Frameworks */ = {
			isa = PBXGroup;
			children = (
				55BC68B115F7BD3E00D5F3A6 /* Cocoa.framework */,
			);
			name = Frameworks;
			sourceTree = "<group>";
		};
		55BC68A315F7B86000D5F3A6 /* oldiconutil */ = {
			isa = PBXGroup;
			children = (
				55BC68A415F7B86000D5F3A6 /* main.m */,
			);
			path = oldiconutil;
			sourceTree = "<group>";
		};
/* End PBXGroup section */

/* Begin PBXNativeTarget section */
		55BC689C15F7B86000D5F3A6 /* oldiconutil */ = {
			isa = PBXNativeTarget;
			buildConfigurationList = 55BC68AC15F7B86000D5F3A6 /* Build configuration list for PBXNativeTarget "oldiconutil" */;
			buildPhases = (
				55BC689915F7B86000D5F3A6 /* Sources */,
				55BC689A15F7B86000D5F3A6 /* Frameworks */,
				55BC689B15F7B86000D5F3A6 /* CopyFiles */,
			);
			buildRules = (
			);
			dependencies = (
			);
			name = oldiconutil;
			productName = oldiconutil;
			productReference = 55BC689D15F7B86000D5F3A6 /* oldiconutil */;
			productType = "com.apple.product-type.tool";
		};
/* End PBXNativeTarget section */

/* Begin PBXProject section */
		55BC689415F7B86000D5F3A6 /* Project object */ = {
			isa = PBXProject;
			attributes = {
				LastUpgradeCheck = 0440;
				ORGANIZATIONNAME = "Uli Kusterer";
			};
			buildConfigurationList = 55BC689715F7B86000D5F3A6 /* Build configuration list for PBXProject "oldiconutil" */;
			compatibilityVersion = "Xcode 3.2";
			developmentRegion = English;
			hasScannedForEncodings = 0;
			knownRegions = (
				en,
			);
			mainGroup = 55BC689215F7B86000D5F3A6;
			productRefGroup = 55BC689E15F7B86000D5F3A6 /* Products */;
			projectDirPath = "";
			projectRoot = "";
			targets = (
				55BC689C15F7B86000D5F3A6 /* oldiconutil */,
			);
		};
/* End PBXProject section */

/* Begin PBXSourcesBuildPhase section */
		55BC689915F7B86000D5F3A6 /* Sources */ = {
			isa = PBXSourcesBuildPhase;
			buildActionMask = 2147483647;
			files = (
				55BC68A515F7B86000D5F3A6 /* main.m in Sources */,
			);
			runOnlyForDeploymentPostprocessing = 0;
		};
/* End PBXSourcesBuildPhase section */

/* Begin XCBuildConfiguration section */
		55BC68AA15F7B86000D5F3A6 /* Debug */ = {
			isa = XCBuildConfiguration;
			buildSettings = {
				ALWAYS_SEARCH_USER_PATHS = NO;
				ARCHS = "$(ARCHS_STANDARD_64_BIT)";
				CLANG_CXX_LANGUAGE_STANDARD = "gnu++0x";
				CLANG_WARN__DUPLICATE_METHOD_MATCH = YES;
				COPY_PHASE_STRIP = NO;
				GCC_C_LANGUAGE_STANDARD = gnu99;
				GCC_DYNAMIC_NO_PIC = NO;
				GCC_ENABLE_OBJC_EXCEPTIONS = YES;
				GCC_OPTIMIZATION_LEVEL = 0;
				GCC_PREPROCESSOR_DEFINITIONS = (
					"DEBUG=1",
					"$(inherited)",
				);
				GCC_SYMBOLS_PRIVATE_EXTERN = NO;
				GCC_WARN_64_TO_32_BIT_CONVERSION = YES;
				GCC_WARN_ABOUT_RETURN_TYPE = YES;
				GCC_WARN_UNINITIALIZED_AUTOS = YES;
				GCC_WARN_UNUSED_VARIABLE = YES;
				MACOSX_DEPLOYMENT_TARGET = 10.8;
				ONLY_ACTIVE_ARCH = YES;
				SDKROOT = macosx;
			};
			name = Debug;
		};
		55BC68AB15F7B86000D5F3A6 /* Release */ = {
			isa = XCBuildConfiguration;
			buildSettings = {
				ALWAYS_SEARCH_USER_PATHS = NO;
				ARCHS = "$(ARCHS_STANDARD_64_BIT)";
				CLANG_CXX_LANGUAGE_STANDARD = "gnu++0x";
				CLANG_WARN__DUPLICATE_METHOD_MATCH = YES;
				COPY_PHASE_STRIP = YES;
				DEBUG_INFORMATION_FORMAT = "dwarf-with-dsym";
				GCC_C_LANGUAGE_STANDARD = gnu99;
				GCC_ENABLE_OBJC_EXCEPTIONS = YES;
				GCC_WARN_64_TO_32_BIT_CONVERSION = YES;
				GCC_WARN_ABOUT_RETURN_TYPE = YES;
				GCC_WARN_UNINITIALIZED_AUTOS = YES;
				GCC_WARN_UNUSED_VARIABLE = YES;
				MACOSX_DEPLOYMENT_TARGET = 10.8;
				SDKROOT = macosx;
			};
			name = Release;
		};
		55BC68AD15F7B86000D5F3A6 /* Debug */ = {
			isa = XCBuildConfiguration;
			buildSettings = {
				GCC_PRECOMPILE_PREFIX_HEADER = YES;
				GCC_PREFIX_HEADER = "";
				PRODUCT_NAME = "$(TARGET_NAME)";
			};
			name = Debug;
		};
		55BC68AE15F7B86000D5F3A6 /* Release */ = {
			isa = XCBuildConfiguration;
			buildSettings = {
				GCC_PRECOMPILE_PREFIX_HEADER = YES;
				GCC_PREFIX_HEADER = "";
				PRODUCT_NAME = "$(TARGET_NAME)";
			};
			name = Release;
		};
/* End XCBuildConfiguration section */

/* Begin XCConfigurationList section */
		55BC689715F7B86000D5F3A6 /* Build configuration list for PBXProject "oldiconutil" */ = {
			isa = XCConfigurationList;
			buildConfigurations = (
				55BC68AA15F7B86000D5F3A6 /* Debug */,
				55BC68AB15F7B86000D5F3A6 /* Release */,
			);
			defaultConfigurationIsVisible = 0;
			defaultConfigurationName = Release;
		};
		55BC68AC15F7B86000D5F3A6 /* Build configuration list for PBXNativeTarget "oldiconutil" */ = {
			isa = XCConfigurationList;
			buildConfigurations = (
				55BC68AD15F7B86000D5F3A6 /* Debug */,
				55BC68AE15F7B86000D5F3A6 /* Release */,
			);
			defaultConfigurationIsVisible = 0;
			defaultConfigurationName = Release;
		};
/* End XCConfigurationList section */
	};
	rootObject = 55BC689415F7B86000D5F3A6 /* Project object */;
}
